
Microsoft Visual Studio Solution File, Format Version 12.00
# Visual Studio 15
VisualStudioVersion = 15.0.27703.2026
MinimumVisualStudioVersion = 10.0.40219.1
Project("{FAE04EC0-301F-11D3-BF4B-00C04F79EFBC}") = "shinicht-bot1", "shinicht-bot1\shinicht-bot1.csproj", "{20E1678E-F759-4CAC-9E30-6B483AB8FE30}"
EndProject
Global
	GlobalSection(SolutionConfigurationPlatforms) = preSolution
		Debug|Any CPU = Debug|Any CPU
		Release|Any CPU = Release|Any CPU
	EndGlobalSection
	GlobalSection(ProjectConfigurationPlatforms) = postSolution
		{20E1678E-F759-4CAC-9E30-6B483AB8FE30}.Debug|Any CPU.ActiveCfg = Debug|Any CPU
		{20E1678E-F759-4CAC-9E30-6B483AB8FE30}.Debug|Any CPU.Build.0 = Debug|Any CPU
		{20E1678E-F759-4CAC-9E30-6B483AB8FE30}.Release|Any CPU.ActiveCfg = Release|Any CPU
		{20E1678E-F759-4CAC-9E30-6B483AB8FE30}.Release|Any CPU.Build.0 = Release|Any CPU
	EndGlobalSection
	GlobalSection(SolutionProperties) = preSolution
		HideSolutionNode = FALSE
	EndGlobalSection
	GlobalSection(ExtensibilityGlobals) = postSolution
		SolutionGuid = {D17D1516-D9A4-4B82-A88E-6BF426C5A785}
	EndGlobalSection
EndGlobal
